dependencies:
  espressif/cmake_utilities:
    component_hash: 351350613ceafba240b761b4ea991e0f231ac7a9f59a9ee901f751bddc0bb18f
    source:
      service_url: https://api.components.espressif.com/
      type: service
    version: 0.5.3
  espressif/iqmath:
    component_hash: 407d5bc3fd358a73d2b09982918ab508b4e804cc547942c5979d226be86b7e75
    source:
      service_url: https://api.components.espressif.com/
      type: service
    version: 1.11.0
  espressif__arduino-foc:
    component_hash: null
    source:
      path: D:\espidfproject\superdial\components\espressif__arduino-foc
      type: local
    version: 2.3.0~3
  espressif__button:
    component_hash: null
    source:
      path: D:\espidfproject\superdial\components\espressif__button
      type: local
    version: 3.2.0
  espressif__cmake_utilities:
    component_hash: null
    source:
      path: D:\espidfproject\superdial\components\espressif__cmake_utilities
      type: local
    version: 0.5.3
  espressif__esp_lcd_gc9a01:
    component_hash: null
    source:
      path: D:\espidfproject\superdial\components\espressif__esp_lcd_gc9a01
      type: local
    version: 2.0.0
  espressif__esp_lvgl_port:
    component_hash: null
    source:
      path: D:\espidfproject\superdial\components\espressif__esp_lvgl_port
      type: local
    version: 1.4.0
  espressif__esp_simplefoc:
    component_hash: null
    source:
      path: D:\espidfproject\superdial\components\espressif__esp_simplefoc
      type: local
    version: 0.1.1
  espressif__iqmath:
    component_hash: null
    source:
      path: D:\espidfproject\superdial\components\espressif__iqmath
      type: local
    version: 1.11.0
  espressif__pid_ctrl:
    component_hash: null
    source:
      path: D:\espidfproject\superdial\components\espressif__pid_ctrl
      type: local
    version: 0.2.0
  espressif__tinyusb:
    component_hash: null
    source:
      path: D:\espidfproject\superdial\components\espressif__tinyusb
      type: local
    version: 0.15.0~5
  idf:
    component_hash: null
    source:
      type: idf
    version: 5.2.0
  lvgl/lvgl:
    component_hash: d7c1ac037ae6e85d94897f807d6e7ba0946a83e720074fc95a4f6241da9f9f53
    source:
      service_url: https://api.components.espressif.com/
      type: service
    version: 8.4.0
  lvgl__lvgl:
    component_hash: null
    source:
      path: D:\espidfproject\superdial\components\lvgl__lvgl
      type: local
    version: 8.4.0
manifest_hash: 0982d62ab0293a9682503086b0f01633de30e7036e1ae86c2c796d980f7a9843
target: esp32s3
version: 1.0.0
